
Microsoft Visual Studio Solution File, Format Version 12.00
# Visual Studio Version 16
VisualStudioVersion = 16.0.32228.343
MinimumVisualStudioVersion = 10.0.40219.1
Project("{FAE04EC0-301F-11D3-BF4B-00C04F79EFBC}") = "Arac_Kiralama", "Arac_Kiralama\Arac_Kiralama.csproj", "{369658EF-8CCD-489B-9BBB-4AFC004CF977}"
EndProject
Global
	GlobalSection(SolutionConfigurationPlatforms) = preSolution
		Debug|Any CPU = Debug|Any CPU
		Release|Any CPU = Release|Any CPU
	EndGlobalSection
	GlobalSection(ProjectConfigurationPlatforms) = postSolution
		{369658EF-8CCD-489B-9BBB-4AFC004CF977}.Debug|Any CPU.ActiveCfg = Debug|Any CPU
		{369658EF-8CCD-489B-9BBB-4AFC004CF977}.Debug|Any CPU.Build.0 = Debug|Any CPU
		{369658EF-8CCD-489B-9BBB-4AFC004CF977}.Release|Any CPU.ActiveCfg = Release|Any CPU
		{369658EF-8CCD-489B-9BBB-4AFC004CF977}.Release|Any CPU.Build.0 = Release|Any CPU
	EndGlobalSection
	GlobalSection(SolutionProperties) = preSolution
		HideSolutionNode = FALSE
	EndGlobalSection
	GlobalSection(ExtensibilityGlobals) = postSolution
		SolutionGuid = {B4B4FADD-8D79-422E-9967-A05A3631C027}
	EndGlobalSection
EndGlobal
